
Microsoft Visual Studio Solution File, Format Version 12.00
# Visual Studio Version 17
VisualStudioVersion = 17.6.33723.286
MinimumVisualStudioVersion = 10.0.40219.1
Project("{9A19103F-16F7-4668-BE54-9A1E7A4F7556}") = "FoodsNow.DbEntities", "FoodsNow.DbEntities\FoodsNow.DbEntities.csproj", "{6C7FDF07-C790-4A05-8E48-306AE8052008}"
EndProject
Project("{9A19103F-16F7-4668-BE54-9A1E7A4F7556}") = "FoodsNow.DataManagementTool", "FoodsNow.DataManagementTool\FoodsNow.DataManagementTool.csproj", "{454963B5-CF47-4DB1-B5F8-C40C5BF955F0}"
EndProject
Project("{9A19103F-16F7-4668-BE54-9A1E7A4F7556}") = "FoodsNow.Core", "FoodsNow.Core\FoodsNow.Core.csproj", "{10A5F2FF-209D-4AE5-AA54-79E48BBEBC9C}"
EndProject
Project("{9A19103F-16F7-4668-BE54-9A1E7A4F7556}") = "FoodsNow.Services", "FoodsNow.Services\FoodsNow.Services.csproj", "{C427DEE3-CC75-4F49-B79A-1A73460C0FDA}"
EndProject
Project("{9A19103F-16F7-4668-BE54-9A1E7A4F7556}") = "FoodsNow.Api", "FoodsNow.MobApi\FoodsNow.Api.csproj", "{77F5516B-0B02-41AA-ACB6-C90B21AAE0DD}"
EndProject
Global
	GlobalSection(SolutionConfigurationPlatforms) = preSolution
		Debug|Any CPU = Debug|Any CPU
		Release|Any CPU = Release|Any CPU
	EndGlobalSection
	GlobalSection(ProjectConfigurationPlatforms) = postSolution
		{6C7FDF07-C790-4A05-8E48-306AE8052008}.Debug|Any CPU.ActiveCfg = Debug|Any CPU
		{6C7FDF07-C790-4A05-8E48-306AE8052008}.Debug|Any CPU.Build.0 = Debug|Any CPU
		{6C7FDF07-C790-4A05-8E48-306AE8052008}.Release|Any CPU.ActiveCfg = Release|Any CPU
		{6C7FDF07-C790-4A05-8E48-306AE8052008}.Release|Any CPU.Build.0 = Release|Any CPU
		{454963B5-CF47-4DB1-B5F8-C40C5BF955F0}.Debug|Any CPU.ActiveCfg = Debug|Any CPU
		{454963B5-CF47-4DB1-B5F8-C40C5BF955F0}.Debug|Any CPU.Build.0 = Debug|Any CPU
		{454963B5-CF47-4DB1-B5F8-C40C5BF955F0}.Release|Any CPU.ActiveCfg = Release|Any CPU
		{454963B5-CF47-4DB1-B5F8-C40C5BF955F0}.Release|Any CPU.Build.0 = Release|Any CPU
		{10A5F2FF-209D-4AE5-AA54-79E48BBEBC9C}.Debug|Any CPU.ActiveCfg = Debug|Any CPU
		{10A5F2FF-209D-4AE5-AA54-79E48BBEBC9C}.Debug|Any CPU.Build.0 = Debug|Any CPU
		{10A5F2FF-209D-4AE5-AA54-79E48BBEBC9C}.Release|Any CPU.ActiveCfg = Release|Any CPU
		{10A5F2FF-209D-4AE5-AA54-79E48BBEBC9C}.Release|Any CPU.Build.0 = Release|Any CPU
		{C427DEE3-CC75-4F49-B79A-1A73460C0FDA}.Debug|Any CPU.ActiveCfg = Debug|Any CPU
		{C427DEE3-CC75-4F49-B79A-1A73460C0FDA}.Debug|Any CPU.Build.0 = Debug|Any CPU
		{C427DEE3-CC75-4F49-B79A-1A73460C0FDA}.Release|Any CPU.ActiveCfg = Release|Any CPU
		{C427DEE3-CC75-4F49-B79A-1A73460C0FDA}.Release|Any CPU.Build.0 = Release|Any CPU
		{77F5516B-0B02-41AA-ACB6-C90B21AAE0DD}.Debug|Any CPU.ActiveCfg = Debug|Any CPU
		{77F5516B-0B02-41AA-ACB6-C90B21AAE0DD}.Debug|Any CPU.Build.0 = Debug|Any CPU
		{77F5516B-0B02-41AA-ACB6-C90B21AAE0DD}.Release|Any CPU.ActiveCfg = Release|Any CPU
		{77F5516B-0B02-41AA-ACB6-C90B21AAE0DD}.Release|Any CPU.Build.0 = Release|Any CPU
	EndGlobalSection
	GlobalSection(SolutionProperties) = preSolution
		HideSolutionNode = FALSE
	EndGlobalSection
	GlobalSection(ExtensibilityGlobals) = postSolution
		SolutionGuid = {6E00715C-431B-4788-B8EC-85140E308C51}
	EndGlobalSection
EndGlobal
